
Microsoft Visual Studio Solution File, Format Version 12.00
# Visual Studio Version 16
VisualStudioVersion = 16.0.30503.244
MinimumVisualStudioVersion = 10.0.40219.1
Project("{9A19103F-16F7-4668-BE54-9A1E7A4F7556}") = "Polyg", "Polyg\Polyg.csproj", "{FD658544-EEE2-4982-88FD-ECFF30F90623}"
EndProject
Project("{9A19103F-16F7-4668-BE54-9A1E7A4F7556}") = "Polyg.Contract", "Polyg.Contract\Polyg.Contract.csproj", "{137A7287-F7E6-40F4-951F-0D379A2A912E}"
EndProject
Project("{9A19103F-16F7-4668-BE54-9A1E7A4F7556}") = "Polyg.Domain", "Polyg.Domain\Polyg.Domain.csproj", "{80782DEC-6270-4CE7-B97F-5900C2D78F18}"
EndProject
Project("{9A19103F-16F7-4668-BE54-9A1E7A4F7556}") = "Polyg.Infrastructure", "Polyg.Infrastructure\Polyg.Infrastructure.csproj", "{AEC0E76C-DB2F-4D16-B2C0-AE6280BD031F}"
EndProject
Project("{9A19103F-16F7-4668-BE54-9A1E7A4F7556}") = "Polyg.Services", "Polyg.Services\Polyg.Services.csproj", "{2B5D8507-AE47-44C6-89F8-A6610EC90DE7}"
EndProject
Project("{9A19103F-16F7-4668-BE54-9A1E7A4F7556}") = "Polyg.Common", "Polyg.Common\Polyg.Common.csproj", "{2B2B3772-45FF-4F42-B851-BC970E22CCDC}"
EndProject
Project("{9A19103F-16F7-4668-BE54-9A1E7A4F7556}") = "Polyg.UnitTests", "Polyg.UnitTests\Polyg.UnitTests.csproj", "{D106413B-3C83-4F53-88A2-B194ED1A8588}"
EndProject
Project("{9A19103F-16F7-4668-BE54-9A1E7A4F7556}") = "Polyg.IntegrationTests", "Polyg.IntegrationTests\Polyg.IntegrationTests.csproj", "{AF457354-E412-4015-81A7-F5C9D837D0BF}"
EndProject
Project("{2150E333-8FDC-42A3-9474-1A3956D46DE8}") = "Core", "Core", "{91A464BD-FE86-4D18-B120-89F4ED61BC94}"
EndProject
Project("{2150E333-8FDC-42A3-9474-1A3956D46DE8}") = "Api", "Api", "{E1D3DF27-53DD-46FE-A912-BEC76B3407D6}"
EndProject
Project("{2150E333-8FDC-42A3-9474-1A3956D46DE8}") = "Infrastructure", "Infrastructure", "{F4A95720-F533-4024-B65F-F25DC88F90CD}"
EndProject
Project("{2150E333-8FDC-42A3-9474-1A3956D46DE8}") = "Services", "Services", "{248CD67D-82C4-448D-961F-EAD9C4BAFF6E}"
EndProject
Project("{2150E333-8FDC-42A3-9474-1A3956D46DE8}") = "Test", "Test", "{71D7A28D-DB5D-44CD-8AE3-22906A49712C}"
EndProject
Global
	GlobalSection(SolutionConfigurationPlatforms) = preSolution
		Debug|Any CPU = Debug|Any CPU
		Release|Any CPU = Release|Any CPU
	EndGlobalSection
	GlobalSection(ProjectConfigurationPlatforms) = postSolution
		{FD658544-EEE2-4982-88FD-ECFF30F90623}.Debug|Any CPU.ActiveCfg = Debug|Any CPU
		{FD658544-EEE2-4982-88FD-ECFF30F90623}.Debug|Any CPU.Build.0 = Debug|Any CPU
		{FD658544-EEE2-4982-88FD-ECFF30F90623}.Release|Any CPU.ActiveCfg = Release|Any CPU
		{FD658544-EEE2-4982-88FD-ECFF30F90623}.Release|Any CPU.Build.0 = Release|Any CPU
		{137A7287-F7E6-40F4-951F-0D379A2A912E}.Debug|Any CPU.ActiveCfg = Debug|Any CPU
		{137A7287-F7E6-40F4-951F-0D379A2A912E}.Debug|Any CPU.Build.0 = Debug|Any CPU
		{137A7287-F7E6-40F4-951F-0D379A2A912E}.Release|Any CPU.ActiveCfg = Release|Any CPU
		{137A7287-F7E6-40F4-951F-0D379A2A912E}.Release|Any CPU.Build.0 = Release|Any CPU
		{80782DEC-6270-4CE7-B97F-5900C2D78F18}.Debug|Any CPU.ActiveCfg = Debug|Any CPU
		{80782DEC-6270-4CE7-B97F-5900C2D78F18}.Debug|Any CPU.Build.0 = Debug|Any CPU
		{80782DEC-6270-4CE7-B97F-5900C2D78F18}.Release|Any CPU.ActiveCfg = Release|Any CPU
		{80782DEC-6270-4CE7-B97F-5900C2D78F18}.Release|Any CPU.Build.0 = Release|Any CPU
		{AEC0E76C-DB2F-4D16-B2C0-AE6280BD031F}.Debug|Any CPU.ActiveCfg = Debug|Any CPU
		{AEC0E76C-DB2F-4D16-B2C0-AE6280BD031F}.Debug|Any CPU.Build.0 = Debug|Any CPU
		{AEC0E76C-DB2F-4D16-B2C0-AE6280BD031F}.Release|Any CPU.ActiveCfg = Release|Any CPU
		{AEC0E76C-DB2F-4D16-B2C0-AE6280BD031F}.Release|Any CPU.Build.0 = Release|Any CPU
		{2B5D8507-AE47-44C6-89F8-A6610EC90DE7}.Debug|Any CPU.ActiveCfg = Debug|Any CPU
		{2B5D8507-AE47-44C6-89F8-A6610EC90DE7}.Debug|Any CPU.Build.0 = Debug|Any CPU
		{2B5D8507-AE47-44C6-89F8-A6610EC90DE7}.Release|Any CPU.ActiveCfg = Release|Any CPU
		{2B5D8507-AE47-44C6-89F8-A6610EC90DE7}.Release|Any CPU.Build.0 = Release|Any CPU
		{2B2B3772-45FF-4F42-B851-BC970E22CCDC}.Debug|Any CPU.ActiveCfg = Debug|Any CPU
		{2B2B3772-45FF-4F42-B851-BC970E22CCDC}.Debug|Any CPU.Build.0 = Debug|Any CPU
		{2B2B3772-45FF-4F42-B851-BC970E22CCDC}.Release|Any CPU.ActiveCfg = Release|Any CPU
		{2B2B3772-45FF-4F42-B851-BC970E22CCDC}.Release|Any CPU.Build.0 = Release|Any CPU
		{D106413B-3C83-4F53-88A2-B194ED1A8588}.Debug|Any CPU.ActiveCfg = Debug|Any CPU
		{D106413B-3C83-4F53-88A2-B194ED1A8588}.Debug|Any CPU.Build.0 = Debug|Any CPU
		{D106413B-3C83-4F53-88A2-B194ED1A8588}.Release|Any CPU.ActiveCfg = Release|Any CPU
		{D106413B-3C83-4F53-88A2-B194ED1A8588}.Release|Any CPU.Build.0 = Release|Any CPU
		{AF457354-E412-4015-81A7-F5C9D837D0BF}.Debug|Any CPU.ActiveCfg = Debug|Any CPU
		{AF457354-E412-4015-81A7-F5C9D837D0BF}.Debug|Any CPU.Build.0 = Debug|Any CPU
		{AF457354-E412-4015-81A7-F5C9D837D0BF}.Release|Any CPU.ActiveCfg = Release|Any CPU
		{AF457354-E412-4015-81A7-F5C9D837D0BF}.Release|Any CPU.Build.0 = Release|Any CPU
	EndGlobalSection
	GlobalSection(SolutionProperties) = preSolution
		HideSolutionNode = FALSE
	EndGlobalSection
	GlobalSection(NestedProjects) = preSolution
		{FD658544-EEE2-4982-88FD-ECFF30F90623} = {E1D3DF27-53DD-46FE-A912-BEC76B3407D6}
		{137A7287-F7E6-40F4-951F-0D379A2A912E} = {91A464BD-FE86-4D18-B120-89F4ED61BC94}
		{80782DEC-6270-4CE7-B97F-5900C2D78F18} = {91A464BD-FE86-4D18-B120-89F4ED61BC94}
		{AEC0E76C-DB2F-4D16-B2C0-AE6280BD031F} = {F4A95720-F533-4024-B65F-F25DC88F90CD}
		{2B5D8507-AE47-44C6-89F8-A6610EC90DE7} = {248CD67D-82C4-448D-961F-EAD9C4BAFF6E}
		{2B2B3772-45FF-4F42-B851-BC970E22CCDC} = {91A464BD-FE86-4D18-B120-89F4ED61BC94}
		{D106413B-3C83-4F53-88A2-B194ED1A8588} = {71D7A28D-DB5D-44CD-8AE3-22906A49712C}
		{AF457354-E412-4015-81A7-F5C9D837D0BF} = {71D7A28D-DB5D-44CD-8AE3-22906A49712C}
	EndGlobalSection
	GlobalSection(ExtensibilityGlobals) = postSolution
		SolutionGuid = {FA9CCF03-54C3-4306-9179-DFE63A3293DF}
	EndGlobalSection
EndGlobal
